
Microsoft Visual Studio Solution File, Format Version 12.00
# Visual Studio Version 16
VisualStudioVersion = 16.0.29509.3
MinimumVisualStudioVersion = 10.0.40219.1
Project("{FAE04EC0-301F-11D3-BF4B-00C04F79EFBC}") = "HarryFlanagan_s00189591", "HarryFlanagan_s00189591\HarryFlanagan_s00189591.csproj", "{7E9EB3D5-EFA6-4687-BD06-681FFFDA7976}"
EndProject
Project("{FAE04EC0-301F-11D3-BF4B-00C04F79EFBC}") = "IncreasePriceTest", "IncreasePriceTest\IncreasePriceTest.csproj", "{972CFB36-3307-46A5-BE2A-2705B7BD3381}"
EndProject
Global
	GlobalSection(SolutionConfigurationPlatforms) = preSolution
		Debug|Any CPU = Debug|Any CPU
		Release|Any CPU = Release|Any CPU
	EndGlobalSection
	GlobalSection(ProjectConfigurationPlatforms) = postSolution
		{7E9EB3D5-EFA6-4687-BD06-681FFFDA7976}.Debug|Any CPU.ActiveCfg = Debug|Any CPU
		{7E9EB3D5-EFA6-4687-BD06-681FFFDA7976}.Debug|Any CPU.Build.0 = Debug|Any CPU
		{7E9EB3D5-EFA6-4687-BD06-681FFFDA7976}.Release|Any CPU.ActiveCfg = Release|Any CPU
		{7E9EB3D5-EFA6-4687-BD06-681FFFDA7976}.Release|Any CPU.Build.0 = Release|Any CPU
		{972CFB36-3307-46A5-BE2A-2705B7BD3381}.Debug|Any CPU.ActiveCfg = Debug|Any CPU
		{972CFB36-3307-46A5-BE2A-2705B7BD3381}.Debug|Any CPU.Build.0 = Debug|Any CPU
		{972CFB36-3307-46A5-BE2A-2705B7BD3381}.Release|Any CPU.ActiveCfg = Release|Any CPU
		{972CFB36-3307-46A5-BE2A-2705B7BD3381}.Release|Any CPU.Build.0 = Release|Any CPU
	EndGlobalSection
	GlobalSection(SolutionProperties) = preSolution
		HideSolutionNode = FALSE
	EndGlobalSection
	GlobalSection(ExtensibilityGlobals) = postSolution
		SolutionGuid = {CB6C902C-B98D-413F-8480-6D4929DA0117}
	EndGlobalSection
EndGlobal
